
Microsoft Visual Studio Solution File, Format Version 12.00
# Visual Studio Version 16
VisualStudioVersion = 16.0.30011.22
MinimumVisualStudioVersion = 10.0.40219.1
Project("{8BC9CEB8-8B4A-11D0-8D11-00A0C91BC942}") = "PCIeDRIVER", "PCIeDRIVER.vcxproj", "{4754FD6E-831E-47F1-8EE0-1F1AE85AC57F}"
EndProject
Global
	GlobalSection(SolutionConfigurationPlatforms) = preSolution
		Debug|ARM = Debug|ARM
		Debug|ARM64 = Debug|ARM64
		Debug|x64 = Debug|x64
		Debug|x86 = Debug|x86
		Release|ARM = Release|ARM
		Release|ARM64 = Release|ARM64
		Release|x64 = Release|x64
		Release|x86 = Release|x86
	EndGlobalSection
	GlobalSection(ProjectConfigurationPlatforms) = postSolution
		{4754FD6E-831E-47F1-8EE0-1F1AE85AC57F}.Debug|ARM.ActiveCfg = Debug|ARM
		{4754FD6E-831E-47F1-8EE0-1F1AE85AC57F}.Debug|ARM.Build.0 = Debug|ARM
		{4754FD6E-831E-47F1-8EE0-1F1AE85AC57F}.Debug|ARM.Deploy.0 = Debug|ARM
		{4754FD6E-831E-47F1-8EE0-1F1AE85AC57F}.Debug|ARM64.ActiveCfg = Debug|ARM64
		{4754FD6E-831E-47F1-8EE0-1F1AE85AC57F}.Debug|ARM64.Build.0 = Debug|ARM64
		{4754FD6E-831E-47F1-8EE0-1F1AE85AC57F}.Debug|ARM64.Deploy.0 = Debug|ARM64
		{4754FD6E-831E-47F1-8EE0-1F1AE85AC57F}.Debug|x64.ActiveCfg = Debug|x64
		{4754FD6E-831E-47F1-8EE0-1F1AE85AC57F}.Debug|x64.Build.0 = Debug|x64
		{4754FD6E-831E-47F1-8EE0-1F1AE85AC57F}.Debug|x64.Deploy.0 = Debug|x64
		{4754FD6E-831E-47F1-8EE0-1F1AE85AC57F}.Debug|x86.ActiveCfg = Debug|Win32
		{4754FD6E-831E-47F1-8EE0-1F1AE85AC57F}.Debug|x86.Build.0 = Debug|Win32
		{4754FD6E-831E-47F1-8EE0-1F1AE85AC57F}.Debug|x86.Deploy.0 = Debug|Win32
		{4754FD6E-831E-47F1-8EE0-1F1AE85AC57F}.Release|ARM.ActiveCfg = Release|ARM
		{4754FD6E-831E-47F1-8EE0-1F1AE85AC57F}.Release|ARM.Build.0 = Release|ARM
		{4754FD6E-831E-47F1-8EE0-1F1AE85AC57F}.Release|ARM.Deploy.0 = Release|ARM
		{4754FD6E-831E-47F1-8EE0-1F1AE85AC57F}.Release|ARM64.ActiveCfg = Release|ARM64
		{4754FD6E-831E-47F1-8EE0-1F1AE85AC57F}.Release|ARM64.Build.0 = Release|ARM64
		{4754FD6E-831E-47F1-8EE0-1F1AE85AC57F}.Release|ARM64.Deploy.0 = Release|ARM64
		{4754FD6E-831E-47F1-8EE0-1F1AE85AC57F}.Release|x64.ActiveCfg = Release|x64
		{4754FD6E-831E-47F1-8EE0-1F1AE85AC57F}.Release|x64.Build.0 = Release|x64
		{4754FD6E-831E-47F1-8EE0-1F1AE85AC57F}.Release|x64.Deploy.0 = Release|x64
		{4754FD6E-831E-47F1-8EE0-1F1AE85AC57F}.Release|x86.ActiveCfg = Release|Win32
		{4754FD6E-831E-47F1-8EE0-1F1AE85AC57F}.Release|x86.Build.0 = Release|Win32
		{4754FD6E-831E-47F1-8EE0-1F1AE85AC57F}.Release|x86.Deploy.0 = Release|Win32
	EndGlobalSection
	GlobalSection(SolutionProperties) = preSolution
		HideSolutionNode = FALSE
	EndGlobalSection
	GlobalSection(ExtensibilityGlobals) = postSolution
		SolutionGuid = {838F07E2-EEFD-4133-AF29-370C683D356D}
	EndGlobalSection
EndGlobal
